
Microsoft Visual Studio Solution File, Format Version 12.00
# Visual Studio Version 16
VisualStudioVersion = 16.0.29215.179
MinimumVisualStudioVersion = 15.0.26124.0
Project("{9A19103F-16F7-4668-BE54-9A1E7A4F7556}") = "Frank.Brewery", "Frank.Brewery\Frank.Brewery.csproj", "{C6DA378F-216C-4303-96E2-6D07A9EA64D7}"
EndProject
Project("{9A19103F-16F7-4668-BE54-9A1E7A4F7556}") = "Frank.Brewery.Tests", "Frank.Brewery.Tests\Frank.Brewery.Tests.csproj", "{22EA98AA-224F-4E22-820E-B4186AEB1C29}"
EndProject
Project("{9A19103F-16F7-4668-BE54-9A1E7A4F7556}") = "Frank.Brewery.Wpf", "Frank.Brewery.Wpf\Frank.Brewery.Wpf.csproj", "{87F0654E-BB84-4CB7-8607-241047B22773}"
EndProject
Project("{9A19103F-16F7-4668-BE54-9A1E7A4F7556}") = "Frank.Brewery.Api", "Frank.Brewery.Api\Frank.Brewery.Api.csproj", "{7E6C6D77-730B-4896-99DF-0B637E909226}"
EndProject
Project("{9A19103F-16F7-4668-BE54-9A1E7A4F7556}") = "Frank.Brewery.Mvc", "Frank.Brewery.Mvc\Frank.Brewery.Mvc.csproj", "{4B269230-8A71-4FA9-9EBD-20BA601717D3}"
EndProject
Global
	GlobalSection(SolutionConfigurationPlatforms) = preSolution
		Debug|Any CPU = Debug|Any CPU
		Debug|x64 = Debug|x64
		Debug|x86 = Debug|x86
		Release|Any CPU = Release|Any CPU
		Release|x64 = Release|x64
		Release|x86 = Release|x86
	EndGlobalSection
	GlobalSection(ProjectConfigurationPlatforms) = postSolution
		{C6DA378F-216C-4303-96E2-6D07A9EA64D7}.Debug|Any CPU.ActiveCfg = Debug|Any CPU
		{C6DA378F-216C-4303-96E2-6D07A9EA64D7}.Debug|Any CPU.Build.0 = Debug|Any CPU
		{C6DA378F-216C-4303-96E2-6D07A9EA64D7}.Debug|x64.ActiveCfg = Debug|Any CPU
		{C6DA378F-216C-4303-96E2-6D07A9EA64D7}.Debug|x64.Build.0 = Debug|Any CPU
		{C6DA378F-216C-4303-96E2-6D07A9EA64D7}.Debug|x86.ActiveCfg = Debug|Any CPU
		{C6DA378F-216C-4303-96E2-6D07A9EA64D7}.Debug|x86.Build.0 = Debug|Any CPU
		{C6DA378F-216C-4303-96E2-6D07A9EA64D7}.Release|Any CPU.ActiveCfg = Release|Any CPU
		{C6DA378F-216C-4303-96E2-6D07A9EA64D7}.Release|Any CPU.Build.0 = Release|Any CPU
		{C6DA378F-216C-4303-96E2-6D07A9EA64D7}.Release|x64.ActiveCfg = Release|Any CPU
		{C6DA378F-216C-4303-96E2-6D07A9EA64D7}.Release|x64.Build.0 = Release|Any CPU
		{C6DA378F-216C-4303-96E2-6D07A9EA64D7}.Release|x86.ActiveCfg = Release|Any CPU
		{C6DA378F-216C-4303-96E2-6D07A9EA64D7}.Release|x86.Build.0 = Release|Any CPU
		{22EA98AA-224F-4E22-820E-B4186AEB1C29}.Debug|Any CPU.ActiveCfg = Debug|Any CPU
		{22EA98AA-224F-4E22-820E-B4186AEB1C29}.Debug|Any CPU.Build.0 = Debug|Any CPU
		{22EA98AA-224F-4E22-820E-B4186AEB1C29}.Debug|x64.ActiveCfg = Debug|Any CPU
		{22EA98AA-224F-4E22-820E-B4186AEB1C29}.Debug|x64.Build.0 = Debug|Any CPU
		{22EA98AA-224F-4E22-820E-B4186AEB1C29}.Debug|x86.ActiveCfg = Debug|Any CPU
		{22EA98AA-224F-4E22-820E-B4186AEB1C29}.Debug|x86.Build.0 = Debug|Any CPU
		{22EA98AA-224F-4E22-820E-B4186AEB1C29}.Release|Any CPU.ActiveCfg = Release|Any CPU
		{22EA98AA-224F-4E22-820E-B4186AEB1C29}.Release|Any CPU.Build.0 = Release|Any CPU
		{22EA98AA-224F-4E22-820E-B4186AEB1C29}.Release|x64.ActiveCfg = Release|Any CPU
		{22EA98AA-224F-4E22-820E-B4186AEB1C29}.Release|x64.Build.0 = Release|Any CPU
		{22EA98AA-224F-4E22-820E-B4186AEB1C29}.Release|x86.ActiveCfg = Release|Any CPU
		{22EA98AA-224F-4E22-820E-B4186AEB1C29}.Release|x86.Build.0 = Release|Any CPU
		{87F0654E-BB84-4CB7-8607-241047B22773}.Debug|Any CPU.ActiveCfg = Debug|Any CPU
		{87F0654E-BB84-4CB7-8607-241047B22773}.Debug|Any CPU.Build.0 = Debug|Any CPU
		{87F0654E-BB84-4CB7-8607-241047B22773}.Debug|x64.ActiveCfg = Debug|Any CPU
		{87F0654E-BB84-4CB7-8607-241047B22773}.Debug|x64.Build.0 = Debug|Any CPU
		{87F0654E-BB84-4CB7-8607-241047B22773}.Debug|x86.ActiveCfg = Debug|Any CPU
		{87F0654E-BB84-4CB7-8607-241047B22773}.Debug|x86.Build.0 = Debug|Any CPU
		{87F0654E-BB84-4CB7-8607-241047B22773}.Release|Any CPU.ActiveCfg = Release|Any CPU
		{87F0654E-BB84-4CB7-8607-241047B22773}.Release|Any CPU.Build.0 = Release|Any CPU
		{87F0654E-BB84-4CB7-8607-241047B22773}.Release|x64.ActiveCfg = Release|Any CPU
		{87F0654E-BB84-4CB7-8607-241047B22773}.Release|x64.Build.0 = Release|Any CPU
		{87F0654E-BB84-4CB7-8607-241047B22773}.Release|x86.ActiveCfg = Release|Any CPU
		{87F0654E-BB84-4CB7-8607-241047B22773}.Release|x86.Build.0 = Release|Any CPU
		{7E6C6D77-730B-4896-99DF-0B637E909226}.Debug|Any CPU.ActiveCfg = Debug|Any CPU
		{7E6C6D77-730B-4896-99DF-0B637E909226}.Debug|Any CPU.Build.0 = Debug|Any CPU
		{7E6C6D77-730B-4896-99DF-0B637E909226}.Debug|x64.ActiveCfg = Debug|Any CPU
		{7E6C6D77-730B-4896-99DF-0B637E909226}.Debug|x64.Build.0 = Debug|Any CPU
		{7E6C6D77-730B-4896-99DF-0B637E909226}.Debug|x86.ActiveCfg = Debug|Any CPU
		{7E6C6D77-730B-4896-99DF-0B637E909226}.Debug|x86.Build.0 = Debug|Any CPU
		{7E6C6D77-730B-4896-99DF-0B637E909226}.Release|Any CPU.ActiveCfg = Release|Any CPU
		{7E6C6D77-730B-4896-99DF-0B637E909226}.Release|Any CPU.Build.0 = Release|Any CPU
		{7E6C6D77-730B-4896-99DF-0B637E909226}.Release|x64.ActiveCfg = Release|Any CPU
		{7E6C6D77-730B-4896-99DF-0B637E909226}.Release|x64.Build.0 = Release|Any CPU
		{7E6C6D77-730B-4896-99DF-0B637E909226}.Release|x86.ActiveCfg = Release|Any CPU
		{7E6C6D77-730B-4896-99DF-0B637E909226}.Release|x86.Build.0 = Release|Any CPU
		{4B269230-8A71-4FA9-9EBD-20BA601717D3}.Debug|Any CPU.ActiveCfg = Debug|Any CPU
		{4B269230-8A71-4FA9-9EBD-20BA601717D3}.Debug|Any CPU.Build.0 = Debug|Any CPU
		{4B269230-8A71-4FA9-9EBD-20BA601717D3}.Debug|x64.ActiveCfg = Debug|Any CPU
		{4B269230-8A71-4FA9-9EBD-20BA601717D3}.Debug|x64.Build.0 = Debug|Any CPU
		{4B269230-8A71-4FA9-9EBD-20BA601717D3}.Debug|x86.ActiveCfg = Debug|Any CPU
		{4B269230-8A71-4FA9-9EBD-20BA601717D3}.Debug|x86.Build.0 = Debug|Any CPU
		{4B269230-8A71-4FA9-9EBD-20BA601717D3}.Release|Any CPU.ActiveCfg = Release|Any CPU
		{4B269230-8A71-4FA9-9EBD-20BA601717D3}.Release|Any CPU.Build.0 = Release|Any CPU
		{4B269230-8A71-4FA9-9EBD-20BA601717D3}.Release|x64.ActiveCfg = Release|Any CPU
		{4B269230-8A71-4FA9-9EBD-20BA601717D3}.Release|x64.Build.0 = Release|Any CPU
		{4B269230-8A71-4FA9-9EBD-20BA601717D3}.Release|x86.ActiveCfg = Release|Any CPU
		{4B269230-8A71-4FA9-9EBD-20BA601717D3}.Release|x86.Build.0 = Release|Any CPU
	EndGlobalSection
	GlobalSection(SolutionProperties) = preSolution
		HideSolutionNode = FALSE
	EndGlobalSection
	GlobalSection(ExtensibilityGlobals) = postSolution
		SolutionGuid = {0F5A4D0A-902F-45C4-8468-C2A65F9C3485}
	EndGlobalSection
EndGlobal
